// !$*UTF8*$!
{
	archiveVersion = 1;
	classes = {
	};
	objectVersion = 46;
	objects = {

/* Begin PBXBuildFile section */
		EBB1DB651E36590300DD7090 /* AppDelegate.swift in Sources */ = {isa = PBXBuildFile; fileRef = EBB1DB641E36590300DD7090 /* AppDelegate.swift */; };
		EBB1DB671E36590300DD7090 /* ViewController.swift in Sources */ = {isa = PBXBuildFile; fileRef = EBB1DB661E36590300DD7090 /* ViewController.swift */; };
		EBB1DB6A1E36590300DD7090 /* Main.storyboard in Resources */ = {isa = PBXBuildFile; fileRef = EBB1DB681E36590300DD7090 /* Main.storyboard */; };
		EBB1DB6C1E36590300DD7090 /* Assets.xcassets in Resources */ = {isa = PBXBuildFile; fileRef = EBB1DB6B1E36590300DD7090 /* Assets.xcassets */; };
		EBB1DB6F1E36590300DD7090 /* LaunchScreen.storyboard in Resources */ = {isa = PBXBuildFile; fileRef = EBB1DB6D1E36590300DD7090 /* LaunchScreen.storyboard */; };
		EBB1DB7A1E36590300DD7090 /* MyCIAppTests.swift in Sources */ = {isa = PBXBuildFile; fileRef = EBB1DB791E36590300DD7090 /* MyCIAppTests.swift */; };
/* End PBXBuildFile section */

/* Begin PBXContainerItemProxy section */
		EBB1DB761E36590300DD7090 /* PBXContainerItemProxy */ = {
			isa = PBXContainerItemProxy;
			containerPortal = EBB1DB591E36590300DD7090 /* Project object */;
			proxyType = 1;
			remoteGlobalIDString = EBB1DB601E36590300DD7090;
			remoteInfo = MyCIApp;
		};
/* End PBXContainerItemProxy section */

/* Begin PBXFileReference section */
		EBB1DB611E36590300DD7090 /* MyCIApp.app */ = {isa = PBXFileReference; explicitFileType = wrapper.application; includeInIndex = 0; path = MyCIApp.app; sourceTree = BUILT_PRODUCTS_DIR; };
		EBB1DB641E36590300DD7090 /* AppDelegate.swift */ = {isa = PBXFileReference; lastKnownFileType = sourcecode.swift; path = AppDelegate.swift; sourceTree = "<group>"; };
		EBB1DB661E36590300DD7090 /* ViewController.swift */ = {isa = PBXFileReference; lastKnownFileType = sourcecode.swift; path = ViewController.swift; sourceTree = "<group>"; };
		EBB1DB691E36590300DD7090 /* Base */ = {isa = PBXFileReference; lastKnownFileType = file.storyboard; name = Base; path = Base.lproj/Main.storyboard; sourceTree = "<group>"; };
		EBB1DB6B1E36590300DD7090 /* Assets.xcassets */ = {isa = PBXFileReference; lastKnownFileType = folder.assetcatalog; path = Assets.xcassets; sourceTree = "<group>"; };
		EBB1DB6E1E36590300DD7090 /* Base */ = {isa = PBXFileReference; lastKnownFileType = file.storyboard; name = Base; path = Base.lproj/LaunchScreen.storyboard; sourceTree = "<group>"; };
		EBB1DB701E36590300DD7090 /* Info.plist */ = {isa = PBXFileReference; lastKnownFileType = text.plist.xml; path = Info.plist; sourceTree = "<group>"; };
		EBB1DB751E36590300DD7090 /* MyCIAppTests.xctest */ = {isa = PBXFileReference; explicitFileType = wrapper.cfbundle; includeInIndex = 0; path = MyCIAppTests.xctest; sourceTree = BUILT_PRODUCTS_DIR; };
		EBB1DB791E36590300DD7090 /* MyCIAppTests.swift */ = {isa = PBXFileReference; lastKnownFileType = sourcecode.swift; path = MyCIAppTests.swift; sourceTree = "<group>"; };
		EBB1DB7B1E36590300DD7090 /* Info.plist */ = {isa = PBXFileReference; lastKnownFileType = text.plist.xml; path = Info.plist; sourceTree = "<group>"; };
/* End PBXFileReference section */

/* Begin PBXFrameworksBuildPhase section */
		EBB1DB5E1E36590300DD7090 /* Frameworks */ = {
			isa = PBXFrameworksBuildPhase;
			buildActionMask = 2147483647;
			files = (
			);
			runOnlyForDeploymentPostprocessing = 0;
		};
		EBB1DB721E36590300DD7090 /* Frameworks */ = {
			isa = PBXFrameworksBuildPhase;
			buildActionMask = 2147483647;
			files = (
			);
			runOnlyForDeploymentPostprocessing = 0;
		};
/* End PBXFrameworksBuildPhase section */

/* Begin PBXGroup section */
		EBB1DB581E36590300DD7090 = {
			isa = PBXGroup;
			children = (
				EBB1DB631E36590300DD7090 /* MyCIApp */,
				EBB1DB781E36590300DD7090 /* MyCIAppTests */,
				EBB1DB621E36590300DD7090 /* Products */,
			);
			sourceTree = "<group>";
		};
		EBB1DB621E36590300DD7090 /* Products */ = {
			isa = PBXGroup;
			children = (
				EBB1DB611E36590300DD7090 /* MyCIApp.app */,
				EBB1DB751E36590300DD7090 /* MyCIAppTests.xctest */,
			);
			name = Products;
			sourceTree = "<group>";
		};
		EBB1DB631E36590300DD7090 /* MyCIApp */ = {
			isa = PBXGroup;
			children = (
				EBB1DB641E36590300DD7090 /* AppDelegate.swift */,
				EBB1DB661E36590300DD7090 /* ViewController.swift */,
				EBB1DB681E36590300DD7090 /* Main.storyboard */,
				EBB1DB6B1E36590300DD7090 /* Assets.xcassets */,
				EBB1DB6D1E36590300DD7090 /* LaunchScreen.storyboard */,
				EBB1DB701E36590300DD7090 /* Info.plist */,
			);
			path = MyCIApp;
			sourceTree = "<group>";
		};
		EBB1DB781E36590300DD7090 /* MyCIAppTests */ = {
			isa = PBXGroup;
			children = (
				EBB1DB791E36590300DD7090 /* MyCIAppTests.swift */,
				EBB1DB7B1E36590300DD7090 /* Info.plist */,
			);
			path = MyCIAppTests;
			sourceTree = "<group>";
		};
/* End PBXGroup section */

/* Begin PBXNativeTarget section */
		EBB1DB601E36590300DD7090 /* MyCIApp */ = {
			isa = PBXNativeTarget;
			buildConfigurationList = EBB1DB7E1E36590300DD7090 /* Build configuration list for PBXNativeTarget "MyCIApp" */;
			buildPhases = (
				EBB1DB5D1E36590300DD7090 /* Sources */,
				EBB1DB5E1E36590300DD7090 /* Frameworks */,
				EBB1DB5F1E36590300DD7090 /* Resources */,
			);
			buildRules = (
			);
			dependencies = (
			);
			name = MyCIApp;
			productName = MyCIApp;
			productReference = EBB1DB611E36590300DD7090 /* MyCIApp.app */;
			productType = "com.apple.product-type.application";
		};
		EBB1DB741E36590300DD7090 /* MyCIAppTests */ = {
			isa = PBXNativeTarget;
			buildConfigurationList = EBB1DB811E36590300DD7090 /* Build configuration list for PBXNativeTarget "MyCIAppTests" */;
			buildPhases = (
				EBB1DB711E36590300DD7090 /* Sources */,
				EBB1DB721E36590300DD7090 /* Frameworks */,
				EBB1DB731E36590300DD7090 /* Resources */,
			);
			buildRules = (
			);
			dependencies = (
				EBB1DB771E36590300DD7090 /* PBXTargetDependency */,
			);
			name = MyCIAppTests;
			productName = MyCIAppTests;
			productReference = EBB1DB751E36590300DD7090 /* MyCIAppTests.xctest */;
			productType = "com.apple.product-type.bundle.unit-test";
		};
/* End PBXNativeTarget section */

/* Begin PBXProject section */
		EBB1DB591E36590300DD7090 /* Project object */ = {
			isa = PBXProject;
			attributes = {
				LastSwiftUpdateCheck = 0800;
				LastUpgradeCheck = 0800;
				ORGANIZATIONNAME = "Christian Braunschweiler";
				TargetAttributes = {
					EBB1DB601E36590300DD7090 = {
						CreatedOnToolsVersion = 8.0;
						DevelopmentTeam = 6QV5SPTX7S;
						ProvisioningStyle = Automatic;
					};
					EBB1DB741E36590300DD7090 = {
						CreatedOnToolsVersion = 8.0;
						ProvisioningStyle = Automatic;
						TestTargetID = EBB1DB601E36590300DD7090;
					};
				};
			};
			buildConfigurationList = EBB1DB5C1E36590300DD7090 /* Build configuration list for PBXProject "MyCIApp" */;
			compatibilityVersion = "Xcode 3.2";
			developmentRegion = English;
			hasScannedForEncodings = 0;
			knownRegions = (
				en,
				Base,
			);
			mainGroup = EBB1DB581E36590300DD7090;
			productRefGroup = EBB1DB621E36590300DD7090 /* Products */;
			projectDirPath = "";
			projectRoot = "";
			targets = (
				EBB1DB601E36590300DD7090 /* MyCIApp */,
				EBB1DB741E36590300DD7090 /* MyCIAppTests */,
			);
		};
/* End PBXProject section */

/* Begin PBXResourcesBuildPhase section */
		EBB1DB5F1E36590300DD7090 /* Resources */ = {
			isa = PBXResourcesBuildPhase;
			buildActionMask = 2147483647;
			files = (
				EBB1DB6F1E36590300DD7090 /* LaunchScreen.storyboard in Resources */,
				EBB1DB6C1E36590300DD7090 /* Assets.xcassets in Resources */,
				EBB1DB6A1E36590300DD7090 /* Main.storyboard in Resources */,
			);
			runOnlyForDeploymentPostprocessing = 0;
		};
		EBB1DB731E36590300DD7090 /* Resources */ = {
			isa = PBXResourcesBuildPhase;
			buildActionMask = 2147483647;
			files = (
			);
			runOnlyForDeploymentPostprocessing = 0;
		};
/* End PBXResourcesBuildPhase section */

/* Begin PBXSourcesBuildPhase section */
		EBB1DB5D1E36590300DD7090 /* Sources */ = {
			isa = PBXSourcesBuildPhase;
			buildActionMask = 2147483647;
			files = (
				EBB1DB671E36590300DD7090 /* ViewController.swift in Sources */,
				EBB1DB651E36590300DD7090 /* AppDelegate.swift in Sources */,
			);
			runOnlyForDeploymentPostprocessing = 0;
		};
		EBB1DB711E36590300DD7090 /* Sources */ = {
			isa = PBXSourcesBuildPhase;
			buildActionMask = 2147483647;
			files = (
				EBB1DB7A1E36590300DD7090 /* MyCIAppTests.swift in Sources */,
			);
			runOnlyForDeploymentPostprocessing = 0;
		};
/* End PBXSourcesBuildPhase section */

/* Begin PBXTargetDependency section */
		EBB1DB771E36590300DD7090 /* PBXTargetDependency */ = {
			isa = PBXTargetDependency;
			target = EBB1DB601E36590300DD7090 /* MyCIApp */;
			targetProxy = EBB1DB761E36590300DD7090 /* PBXContainerItemProxy */;
		};
/* End PBXTargetDependency section */

/* Begin PBXVariantGroup section */
		EBB1DB681E36590300DD7090 /* Main.storyboard */ = {
			isa = PBXVariantGroup;
			children = (
				EBB1DB691E36590300DD7090 /* Base */,
			);
			name = Main.storyboard;
			sourceTree = "<group>";
		};
		EBB1DB6D1E36590300DD7090 /* LaunchScreen.storyboard */ = {
			isa = PBXVariantGroup;
			children = (
				EBB1DB6E1E36590300DD7090 /* Base */,
			);
			name = LaunchScreen.storyboard;
			sourceTree = "<group>";
		};
/* End PBXVariantGroup section */

/* Begin XCBuildConfiguration section */
		EBB1DB7C1E36590300DD7090 /* Debug */ = {
			isa = XCBuildConfiguration;
			buildSettings = {
				ALWAYS_SEARCH_USER_PATHS = NO;
				CLANG_ANALYZER_NONNULL = YES;
				CLANG_CXX_LANGUAGE_STANDARD = "gnu++0x";
				CLANG_CXX_LIBRARY = "libc++";
				CLANG_ENABLE_MODULES = YES;
				CLANG_ENABLE_OBJC_ARC = YES;
				CLANG_WARN_BOOL_CONVERSION = YES;
				CLANG_WARN_CONSTANT_CONVERSION = YES;
				CLANG_WARN_DIRECT_OBJC_ISA_USAGE = YES_ERROR;
				CLANG_WARN_DOCUMENTATION_COMMENTS = YES;
				CLANG_WARN_EMPTY_BODY = YES;
				CLANG_WARN_ENUM_CONVERSION = YES;
				CLANG_WARN_INFINITE_RECURSION = YES;
				CLANG_WARN_INT_CONVERSION = YES;
				CLANG_WARN_OBJC_ROOT_CLASS = YES_ERROR;
				CLANG_WARN_SUSPICIOUS_MOVES = YES;
				CLANG_WARN_UNREACHABLE_CODE = YES;
				CLANG_WARN__DUPLICATE_METHOD_MATCH = YES;
				"CODE_SIGN_IDENTITY[sdk=iphoneos*]" = "iPhone Developer";
				COPY_PHASE_STRIP = NO;
				DEBUG_INFORMATION_FORMAT = dwarf;
				ENABLE_STRICT_OBJC_MSGSEND = YES;
				ENABLE_TESTABILITY = YES;
				GCC_C_LANGUAGE_STANDARD = gnu99;
				GCC_DYNAMIC_NO_PIC = NO;
				GCC_NO_COMMON_BLOCKS = YES;
				GCC_OPTIMIZATION_LEVEL = 0;
				GCC_PREPROCESSOR_DEFINITIONS = (
					"DEBUG=1",
					"$(inherited)",
				);
				GCC_WARN_64_TO_32_BIT_CONVERSION = YES;
				GCC_WARN_ABOUT_RETURN_TYPE = YES_ERROR;
				GCC_WARN_UNDECLARED_SELECTOR = YES;
				GCC_WARN_UNINITIALIZED_AUTOS = YES_AGGRESSIVE;
				GCC_WARN_UNUSED_FUNCTION = YES;
				GCC_WARN_UNUSED_VARIABLE = YES;
				IPHONEOS_DEPLOYMENT_TARGET = 10.0;
				MTL_ENABLE_DEBUG_INFO = YES;
				ONLY_ACTIVE_ARCH = YES;
				SDKROOT = iphoneos;
				SWIFT_ACTIVE_COMPILATION_CONDITIONS = DEBUG;
				SWIFT_OPTIMIZATION_LEVEL = "-Onone";
				TARGETED_DEVICE_FAMILY = "1,2";
			};
			name = Debug;
		};
		EBB1DB7D1E36590300DD7090 /* Release */ = {
			isa = XCBuildConfiguration;
			buildSettings = {
				ALWAYS_SEARCH_USER_PATHS = NO;
				CLANG_ANALYZER_NONNULL = YES;
				CLANG_CXX_LANGUAGE_STANDARD = "gnu++0x";
				CLANG_CXX_LIBRARY = "libc++";
				CLANG_ENABLE_MODULES = YES;
				CLANG_ENABLE_OBJC_ARC = YES;
				CLANG_WARN_BOOL_CONVERSION = YES;
				CLANG_WARN_CONSTANT_CONVERSION = YES;
				CLANG_WARN_DIRECT_OBJC_ISA_USAGE = YES_ERROR;
				CLANG_WARN_DOCUMENTATION_COMMENTS = YES;
				CLANG_WARN_EMPTY_BODY = YES;
				CLANG_WARN_ENUM_CONVERSION = YES;
				CLANG_WARN_INFINITE_RECURSION = YES;
				CLANG_WARN_INT_CONVERSION = YES;
				CLANG_WARN_OBJC_ROOT_CLASS = YES_ERROR;
				CLANG_WARN_SUSPICIOUS_MOVES = YES;
				CLANG_WARN_UNREACHABLE_CODE = YES;
				CLANG_WARN__DUPLICATE_METHOD_MATCH = YES;
				"CODE_SIGN_IDENTITY[sdk=iphoneos*]" = "iPhone Developer";
				COPY_PHASE_STRIP = NO;
				DEBUG_INFORMATION_FORMAT = "dwarf-with-dsym";
				ENABLE_NS_ASSERTIONS = NO;
				ENABLE_STRICT_OBJC_MSGSEND = YES;
				GCC_C_LANGUAGE_STANDARD = gnu99;
				GCC_NO_COMMON_BLOCKS = YES;
				GCC_WARN_64_TO_32_BIT_CONVERSION = YES;
				GCC_WARN_ABOUT_RETURN_TYPE = YES_ERROR;
				GCC_WARN_UNDECLARED_SELECTOR = YES;
				GCC_WARN_UNINITIALIZED_AUTOS = YES_AGGRESSIVE;
				GCC_WARN_UNUSED_FUNCTION = YES;
				GCC_WARN_UNUSED_VARIABLE = YES;
				IPHONEOS_DEPLOYMENT_TARGET = 10.0;
				MTL_ENABLE_DEBUG_INFO = NO;
				SDKROOT = iphoneos;
				SWIFT_OPTIMIZATION_LEVEL = "-Owholemodule";
				TARGETED_DEVICE_FAMILY = "1,2";
				VALIDATE_PRODUCT = YES;
			};
			name = Release;
		};
		EBB1DB7F1E36590300DD7090 /* Debug */ = {
			isa = XCBuildConfiguration;
			buildSettings = {
				ASSETCATALOG_COMPILER_APPICON_NAME = AppIcon;
				DEVELOPMENT_TEAM = 6QV5SPTX7S;
				INFOPLIST_FILE = MyCIApp/Info.plist;
				LD_RUNPATH_SEARCH_PATHS = "$(inherited) @executable_path/Frameworks";
				PRODUCT_BUNDLE_IDENTIFIER = com.swissprime.MyCIApp;
				PRODUCT_NAME = "$(TARGET_NAME)";
				SWIFT_VERSION = 3.0;
			};
			name = Debug;
		};
		EBB1DB801E36590300DD7090 /* Release */ = {
			isa = XCBuildConfiguration;
			buildSettings = {
				ASSETCATALOG_COMPILER_APPICON_NAME = AppIcon;
				DEVELOPMENT_TEAM = 6QV5SPTX7S;
				INFOPLIST_FILE = MyCIApp/Info.plist;
				LD_RUNPATH_SEARCH_PATHS = "$(inherited) @executable_path/Frameworks";
				PRODUCT_BUNDLE_IDENTIFIER = com.swissprime.MyCIApp;
				PRODUCT_NAME = "$(TARGET_NAME)";
				SWIFT_VERSION = 3.0;
			};
			name = Release;
		};
		EBB1DB821E36590300DD7090 /* Debug */ = {
			isa = XCBuildConfiguration;
			buildSettings = {
				ALWAYS_EMBED_SWIFT_STANDARD_LIBRARIES = YES;
				BUNDLE_LOADER = "$(TEST_HOST)";
				INFOPLIST_FILE = MyCIAppTests/Info.plist;
				LD_RUNPATH_SEARCH_PATHS = "$(inherited) @executable_path/Frameworks @loader_path/Frameworks";
				PRODUCT_BUNDLE_IDENTIFIER = com.swissprime.MyCIAppTests;
				PRODUCT_NAME = "$(TARGET_NAME)";
				SWIFT_VERSION = 3.0;
				TEST_HOST = "$(BUILT_PRODUCTS_DIR)/MyCIApp.app/MyCIApp";
			};
			name = Debug;
		};
		EBB1DB831E36590300DD7090 /* Release */ = {
			isa = XCBuildConfiguration;
			buildSettings = {
				ALWAYS_EMBED_SWIFT_STANDARD_LIBRARIES = YES;
				BUNDLE_LOADER = "$(TEST_HOST)";
				INFOPLIST_FILE = MyCIAppTests/Info.plist;
				LD_RUNPATH_SEARCH_PATHS = "$(inherited) @executable_path/Frameworks @loader_path/Frameworks";
				PRODUCT_BUNDLE_IDENTIFIER = com.swissprime.MyCIAppTests;
				PRODUCT_NAME = "$(TARGET_NAME)";
				SWIFT_VERSION = 3.0;
				TEST_HOST = "$(BUILT_PRODUCTS_DIR)/MyCIApp.app/MyCIApp";
			};
			name = Release;
		};
/* End XCBuildConfiguration section */

/* Begin XCConfigurationList section */
		EBB1DB5C1E36590300DD7090 /* Build configuration list for PBXProject "MyCIApp" */ = {
			isa = XCConfigurationList;
			buildConfigurations = (
				EBB1DB7C1E36590300DD7090 /* Debug */,
				EBB1DB7D1E36590300DD7090 /* Release */,
			);
			defaultConfigurationIsVisible = 0;
			defaultConfigurationName = Release;
		};
		EBB1DB7E1E36590300DD7090 /* Build configuration list for PBXNativeTarget "MyCIApp" */ = {
			isa = XCConfigurationList;
			buildConfigurations = (
				EBB1DB7F1E36590300DD7090 /* Debug */,
				EBB1DB801E36590300DD7090 /* Release */,
			);
			defaultConfigurationIsVisible = 0;
		};
		EBB1DB811E36590300DD7090 /* Build configuration list for PBXNativeTarget "MyCIAppTests" */ = {
			isa = XCConfigurationList;
			buildConfigurations = (
				EBB1DB821E36590300DD7090 /* Debug */,
				EBB1DB831E36590300DD7090 /* Release */,
			);
			defaultConfigurationIsVisible = 0;
		};
/* End XCConfigurationList section */
	};
	rootObject = EBB1DB591E36590300DD7090 /* Project object */;
}
